
Microsoft Visual Studio Solution File, Format Version 12.00
# Visual Studio Version 17
VisualStudioVersion = 17.10.35122.118
MinimumVisualStudioVersion = 10.0.40219.1
Project("{FAE04EC0-301F-11D3-BF4B-00C04F79EFBC}") = "MultApps.Windows", "MultApps.Windows\MultApps.Windows.csproj", "{2D7296E4-CC1D-43BF-83F2-A0F5C9931057}"
EndProject
Project("{2150E333-8FDC-42A3-9474-1A3956D46DE8}") = "CONTROLLER", "CONTROLLER", "{5702785D-81AF-4999-89F3-4EB068B2E3EA}"
EndProject
Project("{2150E333-8FDC-42A3-9474-1A3956D46DE8}") = "MODEL", "MODEL", "{6CFB6F53-4A61-4966-A12A-E3027D0BD632}"
EndProject
Project("{2150E333-8FDC-42A3-9474-1A3956D46DE8}") = "VIEW", "VIEW", "{AFBD8182-556C-450C-AF4F-3CE44D836858}"
EndProject
Project("{FAE04EC0-301F-11D3-BF4B-00C04F79EFBC}") = "MultApps.Models", "MultApps.Models\MultApps.Models.csproj", "{712EE8E8-3842-499C-A0C5-69EF818FC008}"
EndProject
Project("{FAE04EC0-301F-11D3-BF4B-00C04F79EFBC}") = "MultApps.Controller", "MultApps.Controller\MultApps.Controller.csproj", "{D9780AB3-4AF5-455F-907B-CB5BC65FB0B5}"
EndProject
Global
	GlobalSection(SolutionConfigurationPlatforms) = preSolution
		Debug|Any CPU = Debug|Any CPU
		Release|Any CPU = Release|Any CPU
	EndGlobalSection
	GlobalSection(ProjectConfigurationPlatforms) = postSolution
		{2D7296E4-CC1D-43BF-83F2-A0F5C9931057}.Debug|Any CPU.ActiveCfg = Debug|Any CPU
		{2D7296E4-CC1D-43BF-83F2-A0F5C9931057}.Debug|Any CPU.Build.0 = Debug|Any CPU
		{2D7296E4-CC1D-43BF-83F2-A0F5C9931057}.Release|Any CPU.ActiveCfg = Release|Any CPU
		{2D7296E4-CC1D-43BF-83F2-A0F5C9931057}.Release|Any CPU.Build.0 = Release|Any CPU
		{712EE8E8-3842-499C-A0C5-69EF818FC008}.Debug|Any CPU.ActiveCfg = Debug|Any CPU
		{712EE8E8-3842-499C-A0C5-69EF818FC008}.Debug|Any CPU.Build.0 = Debug|Any CPU
		{712EE8E8-3842-499C-A0C5-69EF818FC008}.Release|Any CPU.ActiveCfg = Release|Any CPU
		{712EE8E8-3842-499C-A0C5-69EF818FC008}.Release|Any CPU.Build.0 = Release|Any CPU
		{D9780AB3-4AF5-455F-907B-CB5BC65FB0B5}.Debug|Any CPU.ActiveCfg = Debug|Any CPU
		{D9780AB3-4AF5-455F-907B-CB5BC65FB0B5}.Debug|Any CPU.Build.0 = Debug|Any CPU
		{D9780AB3-4AF5-455F-907B-CB5BC65FB0B5}.Release|Any CPU.ActiveCfg = Release|Any CPU
		{D9780AB3-4AF5-455F-907B-CB5BC65FB0B5}.Release|Any CPU.Build.0 = Release|Any CPU
	EndGlobalSection
	GlobalSection(SolutionProperties) = preSolution
		HideSolutionNode = FALSE
	EndGlobalSection
	GlobalSection(NestedProjects) = preSolution
		{2D7296E4-CC1D-43BF-83F2-A0F5C9931057} = {AFBD8182-556C-450C-AF4F-3CE44D836858}
		{712EE8E8-3842-499C-A0C5-69EF818FC008} = {6CFB6F53-4A61-4966-A12A-E3027D0BD632}
		{D9780AB3-4AF5-455F-907B-CB5BC65FB0B5} = {5702785D-81AF-4999-89F3-4EB068B2E3EA}
	EndGlobalSection
	GlobalSection(ExtensibilityGlobals) = postSolution
		SolutionGuid = {7D4AF70B-0646-4ADC-B8CA-121662A7E0CC}
	EndGlobalSection
EndGlobal
